
Microsoft Visual Studio Solution File, Format Version 12.00
# Visual Studio Version 16
VisualStudioVersion = 16.0.32228.343
MinimumVisualStudioVersion = 10.0.40219.1
Project("{FAE04EC0-301F-11D3-BF4B-00C04F79EFBC}") = "SerializeDeserializeBase", "SerializeDeserialize\SerializeDeserializeBase.csproj", "{270C3BD9-46D6-4B62-8B70-73F7A519C4D4}"
EndProject
Project("{FAE04EC0-301F-11D3-BF4B-00C04F79EFBC}") = "SerializeDeserializeGood", "SerializeDeserializeGood\SerializeDeserializeGood.csproj", "{26096E4D-DA29-4DF2-8F5E-DEF6AD64B6E0}"
EndProject
Project("{FAE04EC0-301F-11D3-BF4B-00C04F79EFBC}") = "TestingProject", "TestingProject\TestingProject.csproj", "{11F87202-AC13-4ED2-8B97-EE94AB545F2B}"
EndProject
Global
	GlobalSection(SolutionConfigurationPlatforms) = preSolution
		Debug|Any CPU = Debug|Any CPU
		Release|Any CPU = Release|Any CPU
	EndGlobalSection
	GlobalSection(ProjectConfigurationPlatforms) = postSolution
		{270C3BD9-46D6-4B62-8B70-73F7A519C4D4}.Debug|Any CPU.ActiveCfg = Debug|Any CPU
		{270C3BD9-46D6-4B62-8B70-73F7A519C4D4}.Debug|Any CPU.Build.0 = Debug|Any CPU
		{270C3BD9-46D6-4B62-8B70-73F7A519C4D4}.Release|Any CPU.ActiveCfg = Release|Any CPU
		{270C3BD9-46D6-4B62-8B70-73F7A519C4D4}.Release|Any CPU.Build.0 = Release|Any CPU
		{26096E4D-DA29-4DF2-8F5E-DEF6AD64B6E0}.Debug|Any CPU.ActiveCfg = Debug|Any CPU
		{26096E4D-DA29-4DF2-8F5E-DEF6AD64B6E0}.Debug|Any CPU.Build.0 = Debug|Any CPU
		{26096E4D-DA29-4DF2-8F5E-DEF6AD64B6E0}.Release|Any CPU.ActiveCfg = Release|Any CPU
		{26096E4D-DA29-4DF2-8F5E-DEF6AD64B6E0}.Release|Any CPU.Build.0 = Release|Any CPU
		{11F87202-AC13-4ED2-8B97-EE94AB545F2B}.Debug|Any CPU.ActiveCfg = Debug|Any CPU
		{11F87202-AC13-4ED2-8B97-EE94AB545F2B}.Debug|Any CPU.Build.0 = Debug|Any CPU
		{11F87202-AC13-4ED2-8B97-EE94AB545F2B}.Release|Any CPU.ActiveCfg = Release|Any CPU
		{11F87202-AC13-4ED2-8B97-EE94AB545F2B}.Release|Any CPU.Build.0 = Release|Any CPU
	EndGlobalSection
	GlobalSection(SolutionProperties) = preSolution
		HideSolutionNode = FALSE
	EndGlobalSection
	GlobalSection(ExtensibilityGlobals) = postSolution
		SolutionGuid = {C4F8E8F5-7FB9-4000-8698-4FD0022A85DE}
	EndGlobalSection
EndGlobal
